
Microsoft Visual Studio Solution File, Format Version 12.00
# Visual Studio Version 16
VisualStudioVersion = 16.0.30711.63
MinimumVisualStudioVersion = 10.0.40219.1
Project("{FAE04EC0-301F-11D3-BF4B-00C04F79EFBC}") = "WindowsFormsApp1", "WindowsFormsApp1.csproj", "{BE391B56-22ED-4669-8EF2-397CE90C3D00}"
EndProject
Global
	GlobalSection(SolutionConfigurationPlatforms) = preSolution
		Debug|Any CPU = Debug|Any CPU
		Release|Any CPU = Release|Any CPU
	EndGlobalSection
	GlobalSection(ProjectConfigurationPlatforms) = postSolution
		{BE391B56-22ED-4669-8EF2-397CE90C3D00}.Debug|Any CPU.ActiveCfg = Debug|Any CPU
		{BE391B56-22ED-4669-8EF2-397CE90C3D00}.Debug|Any CPU.Build.0 = Debug|Any CPU
		{BE391B56-22ED-4669-8EF2-397CE90C3D00}.Release|Any CPU.ActiveCfg = Release|Any CPU
		{BE391B56-22ED-4669-8EF2-397CE90C3D00}.Release|Any CPU.Build.0 = Release|Any CPU
	EndGlobalSection
	GlobalSection(SolutionProperties) = preSolution
		HideSolutionNode = FALSE
	EndGlobalSection
	GlobalSection(ExtensibilityGlobals) = postSolution
		SolutionGuid = {72AA67B3-0C95-4FE9-9AF9-A0D13F8B8659}
	EndGlobalSection
EndGlobal
